
Microsoft Visual Studio Solution File, Format Version 12.00
Project("{FAE04EC0-301F-11D3-BF4B-00C04F79EFBC}") = "MatchProtocol.WebUI", "MatchProtocol.WebUI\MatchProtocol.WebUI.csproj", "{3FE183D7-8267-45E7-854A-6248FC0A2EF5}"
EndProject
Project("{FAE04EC0-301F-11D3-BF4B-00C04F79EFBC}") = "MatchProtocol.IdentityServer", "MatchProtocol.IdentityServer\MatchProtocol.IdentityServer.csproj", "{17261B87-F8A8-438E-B4BC-AB45859416FA}"
EndProject
Project("{2150E333-8FDC-42A3-9474-1A3956D46DE8}") = "Services", "Services", "{6929B076-76F7-45D0-B61C-14F6F34866F1}"
EndProject
Project("{FAE04EC0-301F-11D3-BF4B-00C04F79EFBC}") = "MatchProtocol.Teams", "MatchProtocol.Teams\MatchProtocol.Teams.csproj", "{1391A956-F76D-4A00-ABCA-6FD9A6A673A6}"
EndProject
Global
	GlobalSection(SolutionConfigurationPlatforms) = preSolution
		Debug|Any CPU = Debug|Any CPU
		Release|Any CPU = Release|Any CPU
	EndGlobalSection
	GlobalSection(ProjectConfigurationPlatforms) = postSolution
		{3FE183D7-8267-45E7-854A-6248FC0A2EF5}.Debug|Any CPU.ActiveCfg = Debug|Any CPU
		{3FE183D7-8267-45E7-854A-6248FC0A2EF5}.Debug|Any CPU.Build.0 = Debug|Any CPU
		{3FE183D7-8267-45E7-854A-6248FC0A2EF5}.Release|Any CPU.ActiveCfg = Release|Any CPU
		{3FE183D7-8267-45E7-854A-6248FC0A2EF5}.Release|Any CPU.Build.0 = Release|Any CPU
		{17261B87-F8A8-438E-B4BC-AB45859416FA}.Debug|Any CPU.ActiveCfg = Debug|Any CPU
		{17261B87-F8A8-438E-B4BC-AB45859416FA}.Debug|Any CPU.Build.0 = Debug|Any CPU
		{17261B87-F8A8-438E-B4BC-AB45859416FA}.Release|Any CPU.ActiveCfg = Release|Any CPU
		{17261B87-F8A8-438E-B4BC-AB45859416FA}.Release|Any CPU.Build.0 = Release|Any CPU
		{1391A956-F76D-4A00-ABCA-6FD9A6A673A6}.Debug|Any CPU.ActiveCfg = Debug|Any CPU
		{1391A956-F76D-4A00-ABCA-6FD9A6A673A6}.Debug|Any CPU.Build.0 = Debug|Any CPU
		{1391A956-F76D-4A00-ABCA-6FD9A6A673A6}.Release|Any CPU.ActiveCfg = Release|Any CPU
		{1391A956-F76D-4A00-ABCA-6FD9A6A673A6}.Release|Any CPU.Build.0 = Release|Any CPU
	EndGlobalSection
	GlobalSection(NestedProjects) = preSolution
		{1391A956-F76D-4A00-ABCA-6FD9A6A673A6} = {6929B076-76F7-45D0-B61C-14F6F34866F1}
	EndGlobalSection
EndGlobal
